
Microsoft Visual Studio Solution File, Format Version 12.00
# Visual Studio Version 17
VisualStudioVersion = 17.7.34221.43
MinimumVisualStudioVersion = 10.0.40219.1
Project("{FAE04EC0-301F-11D3-BF4B-00C04F79EFBC}") = "ConsoleApp3", "ConsoleApp3.csproj", "{17BE8425-F839-403A-A540-1C5275221AAA}"
EndProject
Global
	GlobalSection(SolutionConfigurationPlatforms) = preSolution
		Debug|Any CPU = Debug|Any CPU
		Release|Any CPU = Release|Any CPU
	EndGlobalSection
	GlobalSection(ProjectConfigurationPlatforms) = postSolution
		{17BE8425-F839-403A-A540-1C5275221AAA}.Debug|Any CPU.ActiveCfg = Debug|Any CPU
		{17BE8425-F839-403A-A540-1C5275221AAA}.Debug|Any CPU.Build.0 = Debug|Any CPU
		{17BE8425-F839-403A-A540-1C5275221AAA}.Release|Any CPU.ActiveCfg = Release|Any CPU
		{17BE8425-F839-403A-A540-1C5275221AAA}.Release|Any CPU.Build.0 = Release|Any CPU
	EndGlobalSection
	GlobalSection(SolutionProperties) = preSolution
		HideSolutionNode = FALSE
	EndGlobalSection
	GlobalSection(ExtensibilityGlobals) = postSolution
		SolutionGuid = {78C9E82F-762A-4427-96D5-96D165396CDD}
	EndGlobalSection
EndGlobal
